
Microsoft Visual Studio Solution File, Format Version 12.00
# Visual Studio 14
VisualStudioVersion = 14.0.24720.0
MinimumVisualStudioVersion = 10.0.40219.1
Project("{FAE04EC0-301F-11D3-BF4B-00C04F79EFBC}") = "Cats.Android", "Cats\Cats.Android\Cats.Android.csproj", "{4FB1405C-C923-4CF0-87E4-628C3BBB4846}"
EndProject
Project("{FAE04EC0-301F-11D3-BF4B-00C04F79EFBC}") = "Cats", "Cats\Cats\Cats.csproj", "{0A808506-A0EC-495E-BA76-46CA320BB10D}"
EndProject
Project("{FAE04EC0-301F-11D3-BF4B-00C04F79EFBC}") = "Cats.iOS", "Cats\Cats.iOS\Cats.iOS.csproj", "{9C986426-4416-4FEF-B1FA-403D3D7F399C}"
EndProject
Project("{FAE04EC0-301F-11D3-BF4B-00C04F79EFBC}") = "Cats.Tests", "Cats.Tests\Cats.Tests.csproj", "{9BEB1091-A3EC-4693-ABBA-6ED0F18288A3}"
EndProject
Global
	GlobalSection(SolutionConfigurationPlatforms) = preSolution
		Ad-Hoc|Any CPU = Ad-Hoc|Any CPU
		Ad-Hoc|iPhone = Ad-Hoc|iPhone
		Ad-Hoc|iPhoneSimulator = Ad-Hoc|iPhoneSimulator
		AppStore|Any CPU = AppStore|Any CPU
		AppStore|iPhone = AppStore|iPhone
		AppStore|iPhoneSimulator = AppStore|iPhoneSimulator
		Debug|Any CPU = Debug|Any CPU
		Debug|iPhone = Debug|iPhone
		Debug|iPhoneSimulator = Debug|iPhoneSimulator
		Release|Any CPU = Release|Any CPU
		Release|iPhone = Release|iPhone
		Release|iPhoneSimulator = Release|iPhoneSimulator
	EndGlobalSection
	GlobalSection(ProjectConfigurationPlatforms) = postSolution
		{4FB1405C-C923-4CF0-87E4-628C3BBB4846}.Ad-Hoc|Any CPU.ActiveCfg = Release|Any CPU
		{4FB1405C-C923-4CF0-87E4-628C3BBB4846}.Ad-Hoc|Any CPU.Build.0 = Release|Any CPU
		{4FB1405C-C923-4CF0-87E4-628C3BBB4846}.Ad-Hoc|Any CPU.Deploy.0 = Release|Any CPU
		{4FB1405C-C923-4CF0-87E4-628C3BBB4846}.Ad-Hoc|iPhone.ActiveCfg = Release|Any CPU
		{4FB1405C-C923-4CF0-87E4-628C3BBB4846}.Ad-Hoc|iPhone.Build.0 = Release|Any CPU
		{4FB1405C-C923-4CF0-87E4-628C3BBB4846}.Ad-Hoc|iPhone.Deploy.0 = Release|Any CPU
		{4FB1405C-C923-4CF0-87E4-628C3BBB4846}.Ad-Hoc|iPhoneSimulator.ActiveCfg = Release|Any CPU
		{4FB1405C-C923-4CF0-87E4-628C3BBB4846}.Ad-Hoc|iPhoneSimulator.Build.0 = Release|Any CPU
		{4FB1405C-C923-4CF0-87E4-628C3BBB4846}.Ad-Hoc|iPhoneSimulator.Deploy.0 = Release|Any CPU
		{4FB1405C-C923-4CF0-87E4-628C3BBB4846}.AppStore|Any CPU.ActiveCfg = Release|Any CPU
		{4FB1405C-C923-4CF0-87E4-628C3BBB4846}.AppStore|Any CPU.Build.0 = Release|Any CPU
		{4FB1405C-C923-4CF0-87E4-628C3BBB4846}.AppStore|Any CPU.Deploy.0 = Release|Any CPU
		{4FB1405C-C923-4CF0-87E4-628C3BBB4846}.AppStore|iPhone.ActiveCfg = Release|Any CPU
		{4FB1405C-C923-4CF0-87E4-628C3BBB4846}.AppStore|iPhone.Build.0 = Release|Any CPU
		{4FB1405C-C923-4CF0-87E4-628C3BBB4846}.AppStore|iPhone.Deploy.0 = Release|Any CPU
		{4FB1405C-C923-4CF0-87E4-628C3BBB4846}.AppStore|iPhoneSimulator.ActiveCfg = Release|Any CPU
		{4FB1405C-C923-4CF0-87E4-628C3BBB4846}.AppStore|iPhoneSimulator.Build.0 = Release|Any CPU
		{4FB1405C-C923-4CF0-87E4-628C3BBB4846}.AppStore|iPhoneSimulator.Deploy.0 = Release|Any CPU
		{4FB1405C-C923-4CF0-87E4-628C3BBB4846}.Debug|Any CPU.ActiveCfg = Debug|Any CPU
		{4FB1405C-C923-4CF0-87E4-628C3BBB4846}.Debug|Any CPU.Build.0 = Debug|Any CPU
		{4FB1405C-C923-4CF0-87E4-628C3BBB4846}.Debug|Any CPU.Deploy.0 = Debug|Any CPU
		{4FB1405C-C923-4CF0-87E4-628C3BBB4846}.Debug|iPhone.ActiveCfg = Debug|Any CPU
		{4FB1405C-C923-4CF0-87E4-628C3BBB4846}.Debug|iPhone.Build.0 = Debug|Any CPU
		{4FB1405C-C923-4CF0-87E4-628C3BBB4846}.Debug|iPhone.Deploy.0 = Debug|Any CPU
		{4FB1405C-C923-4CF0-87E4-628C3BBB4846}.Debug|iPhoneSimulator.ActiveCfg = Debug|Any CPU
		{4FB1405C-C923-4CF0-87E4-628C3BBB4846}.Debug|iPhoneSimulator.Build.0 = Debug|Any CPU
		{4FB1405C-C923-4CF0-87E4-628C3BBB4846}.Debug|iPhoneSimulator.Deploy.0 = Debug|Any CPU
		{4FB1405C-C923-4CF0-87E4-628C3BBB4846}.Release|Any CPU.ActiveCfg = Release|Any CPU
		{4FB1405C-C923-4CF0-87E4-628C3BBB4846}.Release|Any CPU.Build.0 = Release|Any CPU
		{4FB1405C-C923-4CF0-87E4-628C3BBB4846}.Release|Any CPU.Deploy.0 = Release|Any CPU
		{4FB1405C-C923-4CF0-87E4-628C3BBB4846}.Release|iPhone.ActiveCfg = Release|Any CPU
		{4FB1405C-C923-4CF0-87E4-628C3BBB4846}.Release|iPhone.Build.0 = Release|Any CPU
		{4FB1405C-C923-4CF0-87E4-628C3BBB4846}.Release|iPhone.Deploy.0 = Release|Any CPU
		{4FB1405C-C923-4CF0-87E4-628C3BBB4846}.Release|iPhoneSimulator.ActiveCfg = Release|Any CPU
		{4FB1405C-C923-4CF0-87E4-628C3BBB4846}.Release|iPhoneSimulator.Build.0 = Release|Any CPU
		{4FB1405C-C923-4CF0-87E4-628C3BBB4846}.Release|iPhoneSimulator.Deploy.0 = Release|Any CPU
		{0A808506-A0EC-495E-BA76-46CA320BB10D}.Ad-Hoc|Any CPU.ActiveCfg = Release|Any CPU
		{0A808506-A0EC-495E-BA76-46CA320BB10D}.Ad-Hoc|Any CPU.Build.0 = Release|Any CPU
		{0A808506-A0EC-495E-BA76-46CA320BB10D}.Ad-Hoc|iPhone.ActiveCfg = Release|Any CPU
		{0A808506-A0EC-495E-BA76-46CA320BB10D}.Ad-Hoc|iPhone.Build.0 = Release|Any CPU
		{0A808506-A0EC-495E-BA76-46CA320BB10D}.Ad-Hoc|iPhoneSimulator.ActiveCfg = Release|Any CPU
		{0A808506-A0EC-495E-BA76-46CA320BB10D}.Ad-Hoc|iPhoneSimulator.Build.0 = Release|Any CPU
		{0A808506-A0EC-495E-BA76-46CA320BB10D}.AppStore|Any CPU.ActiveCfg = Release|Any CPU
		{0A808506-A0EC-495E-BA76-46CA320BB10D}.AppStore|Any CPU.Build.0 = Release|Any CPU
		{0A808506-A0EC-495E-BA76-46CA320BB10D}.AppStore|iPhone.ActiveCfg = Release|Any CPU
		{0A808506-A0EC-495E-BA76-46CA320BB10D}.AppStore|iPhone.Build.0 = Release|Any CPU
		{0A808506-A0EC-495E-BA76-46CA320BB10D}.AppStore|iPhoneSimulator.ActiveCfg = Release|Any CPU
		{0A808506-A0EC-495E-BA76-46CA320BB10D}.AppStore|iPhoneSimulator.Build.0 = Release|Any CPU
		{0A808506-A0EC-495E-BA76-46CA320BB10D}.Debug|Any CPU.ActiveCfg = Debug|Any CPU
		{0A808506-A0EC-495E-BA76-46CA320BB10D}.Debug|Any CPU.Build.0 = Debug|Any CPU
		{0A808506-A0EC-495E-BA76-46CA320BB10D}.Debug|iPhone.ActiveCfg = Debug|Any CPU
		{0A808506-A0EC-495E-BA76-46CA320BB10D}.Debug|iPhone.Build.0 = Debug|Any CPU
		{0A808506-A0EC-495E-BA76-46CA320BB10D}.Debug|iPhoneSimulator.ActiveCfg = Debug|Any CPU
		{0A808506-A0EC-495E-BA76-46CA320BB10D}.Debug|iPhoneSimulator.Build.0 = Debug|Any CPU
		{0A808506-A0EC-495E-BA76-46CA320BB10D}.Release|Any CPU.ActiveCfg = Release|Any CPU
		{0A808506-A0EC-495E-BA76-46CA320BB10D}.Release|Any CPU.Build.0 = Release|Any CPU
		{0A808506-A0EC-495E-BA76-46CA320BB10D}.Release|iPhone.ActiveCfg = Release|Any CPU
		{0A808506-A0EC-495E-BA76-46CA320BB10D}.Release|iPhone.Build.0 = Release|Any CPU
		{0A808506-A0EC-495E-BA76-46CA320BB10D}.Release|iPhoneSimulator.ActiveCfg = Release|Any CPU
		{0A808506-A0EC-495E-BA76-46CA320BB10D}.Release|iPhoneSimulator.Build.0 = Release|Any CPU
		{9C986426-4416-4FEF-B1FA-403D3D7F399C}.Ad-Hoc|Any CPU.ActiveCfg = Ad-Hoc|iPhone
		{9C986426-4416-4FEF-B1FA-403D3D7F399C}.Ad-Hoc|iPhone.ActiveCfg = Ad-Hoc|iPhone
		{9C986426-4416-4FEF-B1FA-403D3D7F399C}.Ad-Hoc|iPhone.Build.0 = Ad-Hoc|iPhone
		{9C986426-4416-4FEF-B1FA-403D3D7F399C}.Ad-Hoc|iPhoneSimulator.ActiveCfg = Ad-Hoc|iPhoneSimulator
		{9C986426-4416-4FEF-B1FA-403D3D7F399C}.Ad-Hoc|iPhoneSimulator.Build.0 = Ad-Hoc|iPhoneSimulator
		{9C986426-4416-4FEF-B1FA-403D3D7F399C}.AppStore|Any CPU.ActiveCfg = AppStore|iPhone
		{9C986426-4416-4FEF-B1FA-403D3D7F399C}.AppStore|iPhone.ActiveCfg = AppStore|iPhone
		{9C986426-4416-4FEF-B1FA-403D3D7F399C}.AppStore|iPhone.Build.0 = AppStore|iPhone
		{9C986426-4416-4FEF-B1FA-403D3D7F399C}.AppStore|iPhoneSimulator.ActiveCfg = AppStore|iPhoneSimulator
		{9C986426-4416-4FEF-B1FA-403D3D7F399C}.AppStore|iPhoneSimulator.Build.0 = AppStore|iPhoneSimulator
		{9C986426-4416-4FEF-B1FA-403D3D7F399C}.Debug|Any CPU.ActiveCfg = Debug|iPhone
		{9C986426-4416-4FEF-B1FA-403D3D7F399C}.Debug|iPhone.ActiveCfg = Debug|iPhone
		{9C986426-4416-4FEF-B1FA-403D3D7F399C}.Debug|iPhone.Build.0 = Debug|iPhone
		{9C986426-4416-4FEF-B1FA-403D3D7F399C}.Debug|iPhoneSimulator.ActiveCfg = Debug|iPhoneSimulator
		{9C986426-4416-4FEF-B1FA-403D3D7F399C}.Debug|iPhoneSimulator.Build.0 = Debug|iPhoneSimulator
		{9C986426-4416-4FEF-B1FA-403D3D7F399C}.Release|Any CPU.ActiveCfg = Release|iPhone
		{9C986426-4416-4FEF-B1FA-403D3D7F399C}.Release|iPhone.ActiveCfg = Release|iPhone
		{9C986426-4416-4FEF-B1FA-403D3D7F399C}.Release|iPhone.Build.0 = Release|iPhone
		{9C986426-4416-4FEF-B1FA-403D3D7F399C}.Release|iPhoneSimulator.ActiveCfg = Release|iPhoneSimulator
		{9C986426-4416-4FEF-B1FA-403D3D7F399C}.Release|iPhoneSimulator.Build.0 = Release|iPhoneSimulator
		{9BEB1091-A3EC-4693-ABBA-6ED0F18288A3}.Ad-Hoc|Any CPU.ActiveCfg = Release|Any CPU
		{9BEB1091-A3EC-4693-ABBA-6ED0F18288A3}.Ad-Hoc|Any CPU.Build.0 = Release|Any CPU
		{9BEB1091-A3EC-4693-ABBA-6ED0F18288A3}.Ad-Hoc|iPhone.ActiveCfg = Release|Any CPU
		{9BEB1091-A3EC-4693-ABBA-6ED0F18288A3}.Ad-Hoc|iPhone.Build.0 = Release|Any CPU
		{9BEB1091-A3EC-4693-ABBA-6ED0F18288A3}.Ad-Hoc|iPhoneSimulator.ActiveCfg = Release|Any CPU
		{9BEB1091-A3EC-4693-ABBA-6ED0F18288A3}.Ad-Hoc|iPhoneSimulator.Build.0 = Release|Any CPU
		{9BEB1091-A3EC-4693-ABBA-6ED0F18288A3}.AppStore|Any CPU.ActiveCfg = Release|Any CPU
		{9BEB1091-A3EC-4693-ABBA-6ED0F18288A3}.AppStore|Any CPU.Build.0 = Release|Any CPU
		{9BEB1091-A3EC-4693-ABBA-6ED0F18288A3}.AppStore|iPhone.ActiveCfg = Release|Any CPU
		{9BEB1091-A3EC-4693-ABBA-6ED0F18288A3}.AppStore|iPhone.Build.0 = Release|Any CPU
		{9BEB1091-A3EC-4693-ABBA-6ED0F18288A3}.AppStore|iPhoneSimulator.ActiveCfg = Release|Any CPU
		{9BEB1091-A3EC-4693-ABBA-6ED0F18288A3}.AppStore|iPhoneSimulator.Build.0 = Release|Any CPU
		{9BEB1091-A3EC-4693-ABBA-6ED0F18288A3}.Debug|Any CPU.ActiveCfg = Debug|Any CPU
		{9BEB1091-A3EC-4693-ABBA-6ED0F18288A3}.Debug|Any CPU.Build.0 = Debug|Any CPU
		{9BEB1091-A3EC-4693-ABBA-6ED0F18288A3}.Debug|iPhone.ActiveCfg = Debug|Any CPU
		{9BEB1091-A3EC-4693-ABBA-6ED0F18288A3}.Debug|iPhone.Build.0 = Debug|Any CPU
		{9BEB1091-A3EC-4693-ABBA-6ED0F18288A3}.Debug|iPhoneSimulator.ActiveCfg = Debug|Any CPU
		{9BEB1091-A3EC-4693-ABBA-6ED0F18288A3}.Debug|iPhoneSimulator.Build.0 = Debug|Any CPU
		{9BEB1091-A3EC-4693-ABBA-6ED0F18288A3}.Release|Any CPU.ActiveCfg = Release|Any CPU
		{9BEB1091-A3EC-4693-ABBA-6ED0F18288A3}.Release|Any CPU.Build.0 = Release|Any CPU
		{9BEB1091-A3EC-4693-ABBA-6ED0F18288A3}.Release|iPhone.ActiveCfg = Release|Any CPU
		{9BEB1091-A3EC-4693-ABBA-6ED0F18288A3}.Release|iPhone.Build.0 = Release|Any CPU
		{9BEB1091-A3EC-4693-ABBA-6ED0F18288A3}.Release|iPhoneSimulator.ActiveCfg = Release|Any CPU
		{9BEB1091-A3EC-4693-ABBA-6ED0F18288A3}.Release|iPhoneSimulator.Build.0 = Release|Any CPU
	EndGlobalSection
	GlobalSection(SolutionProperties) = preSolution
		HideSolutionNode = FALSE
	EndGlobalSection
EndGlobal
